
Microsoft Visual Studio Solution File, Format Version 12.00
# Visual Studio Version 17
VisualStudioVersion = 17.3.32901.215
MinimumVisualStudioVersion = 10.0.40219.1
Project("{FAE04EC0-301F-11D3-BF4B-00C04F79EFBC}") = "asp-practice", "asp-practice\asp-practice.csproj", "{7316FD6C-CA9E-4172-8306-D1AA43D73217}"
EndProject
Global
	GlobalSection(SolutionConfigurationPlatforms) = preSolution
		Debug|Any CPU = Debug|Any CPU
		Release|Any CPU = Release|Any CPU
	EndGlobalSection
	GlobalSection(ProjectConfigurationPlatforms) = postSolution
		{7316FD6C-CA9E-4172-8306-D1AA43D73217}.Debug|Any CPU.ActiveCfg = Debug|Any CPU
		{7316FD6C-CA9E-4172-8306-D1AA43D73217}.Debug|Any CPU.Build.0 = Debug|Any CPU
		{7316FD6C-CA9E-4172-8306-D1AA43D73217}.Release|Any CPU.ActiveCfg = Release|Any CPU
		{7316FD6C-CA9E-4172-8306-D1AA43D73217}.Release|Any CPU.Build.0 = Release|Any CPU
	EndGlobalSection
	GlobalSection(SolutionProperties) = preSolution
		HideSolutionNode = FALSE
	EndGlobalSection
	GlobalSection(ExtensibilityGlobals) = postSolution
		SolutionGuid = {F05AD984-D9E9-4276-AF30-E64612A4638D}
	EndGlobalSection
EndGlobal
